
Microsoft Visual Studio Solution File, Format Version 12.00
# Visual Studio Version 16
VisualStudioVersion = 16.0.31402.337
MinimumVisualStudioVersion = 10.0.40219.1
Project("{FAE04EC0-301F-11D3-BF4B-00C04F79EFBC}") = "MyCalcLib", "MyCalcLib\MyCalcLib.csproj", "{4134D80A-7D13-415B-9F82-5A79AD8D9C1E}"
EndProject
Project("{FAE04EC0-301F-11D3-BF4B-00C04F79EFBC}") = "MyCalcLib.Tests", "MyCalcLib.Tests\MyCalcLib.Tests.csproj", "{56E8A463-36C2-484A-9EDC-D0A84EE59183}"
EndProject
Global
	GlobalSection(SolutionConfigurationPlatforms) = preSolution
		Debug|Any CPU = Debug|Any CPU
		Release|Any CPU = Release|Any CPU
	EndGlobalSection
	GlobalSection(ProjectConfigurationPlatforms) = postSolution
		{4134D80A-7D13-415B-9F82-5A79AD8D9C1E}.Debug|Any CPU.ActiveCfg = Debug|Any CPU
		{4134D80A-7D13-415B-9F82-5A79AD8D9C1E}.Debug|Any CPU.Build.0 = Debug|Any CPU
		{4134D80A-7D13-415B-9F82-5A79AD8D9C1E}.Release|Any CPU.ActiveCfg = Release|Any CPU
		{4134D80A-7D13-415B-9F82-5A79AD8D9C1E}.Release|Any CPU.Build.0 = Release|Any CPU
		{56E8A463-36C2-484A-9EDC-D0A84EE59183}.Debug|Any CPU.ActiveCfg = Debug|Any CPU
		{56E8A463-36C2-484A-9EDC-D0A84EE59183}.Debug|Any CPU.Build.0 = Debug|Any CPU
		{56E8A463-36C2-484A-9EDC-D0A84EE59183}.Release|Any CPU.ActiveCfg = Release|Any CPU
		{56E8A463-36C2-484A-9EDC-D0A84EE59183}.Release|Any CPU.Build.0 = Release|Any CPU
	EndGlobalSection
	GlobalSection(SolutionProperties) = preSolution
		HideSolutionNode = FALSE
	EndGlobalSection
	GlobalSection(ExtensibilityGlobals) = postSolution
		SolutionGuid = {96BDE464-D342-4624-83BA-DFD5EE0B63E3}
	EndGlobalSection
EndGlobal
